
Microsoft Visual Studio Solution File, Format Version 12.00
# Visual Studio Version 16
VisualStudioVersion = 25.0.1704.1
MinimumVisualStudioVersion = 10.0.40219.1
Project("{FAE04EC0-301F-11D3-BF4B-00C04F79EFBC}") = "Question", "Question\Question.csproj", "{BFB9A211-BBA1-430B-A545-DA5C417D0C3E}"
EndProject
Global
	GlobalSection(SolutionConfigurationPlatforms) = preSolution
		Debug|Any CPU = Debug|Any CPU
		Release|Any CPU = Release|Any CPU
	EndGlobalSection
	GlobalSection(ProjectConfigurationPlatforms) = postSolution
		{BFB9A211-BBA1-430B-A545-DA5C417D0C3E}.Debug|Any CPU.ActiveCfg = Debug|Any CPU
		{BFB9A211-BBA1-430B-A545-DA5C417D0C3E}.Debug|Any CPU.Build.0 = Debug|Any CPU
		{BFB9A211-BBA1-430B-A545-DA5C417D0C3E}.Release|Any CPU.ActiveCfg = Release|Any CPU
		{BFB9A211-BBA1-430B-A545-DA5C417D0C3E}.Release|Any CPU.Build.0 = Release|Any CPU
	EndGlobalSection
	GlobalSection(SolutionProperties) = preSolution
		HideSolutionNode = FALSE
	EndGlobalSection
	GlobalSection(ExtensibilityGlobals) = postSolution
		SolutionGuid = {71A4FC87-C41F-4425-8890-CEEB6C2D1E3D}
	EndGlobalSection
EndGlobal
